<?xml version="1.0" encoding="utf-8"?>
<Project ToolsVersion="4.0" xmlns="http://schemas.microsoft.com/developer/msbuild/2003">
  <ItemGroup>
    <Filter Include="Source Files">
      <UniqueIdentifier>{4FC737F1-C7A5-4376-A066-2A32D752A2FF}</UniqueIdentifier>
      <Extensions>cpp;c;cc;cxx;c++;cppm;ixx;def;odl;idl;hpj;bat;asm;asmx</Extensions>
    </Filter>
    <Filter Include="Header Files">
      <UniqueIdentifier>{93995380-89BD-4b04-88EB-625FBE52EBFB}</UniqueIdentifier>
      <Extensions>h;hh;hpp;hxx;h++;hm;inl;inc;ipp;xsd</Extensions>
    </Filter>
    <Filter Include="Resource Files">
      <UniqueIdentifier>{67DA6AB6-F800-4c08-8B7A-83BB121AAD01}</UniqueIdentifier>
      <Extensions>rc;ico;cur;bmp;dlg;rc2;rct;bin;rgs;gif;jpg;jpeg;jpe;resx;tiff;tif;png;wav;mfcribbon-ms</Extensions>
    </Filter>
    <Filter Include="Models">
      <UniqueIdentifier>{8d8024aa-456c-4adf-ac60-ec1092e2d16a}</UniqueIdentifier>
    </Filter>
  </ItemGroup>
  <ItemGroup>
    <ClCompile Include="main.cpp">
      <Filter>Source Files</Filter>
    </ClCompile>
    <ClCompile Include="Application.cpp">
      <Filter>Source Files</Filter>
    </ClCompile>
    <ClCompile Include="shaders\FragmentShader.cpp">
      <Filter>Source Files</Filter>
    </ClCompile>
    <ClCompile Include="shaders\Shader.cpp">
      <Filter>Source Files</Filter>
    </ClCompile>
    <ClCompile Include="shaders\ShaderProgram.cpp">
      <Filter>Source Files</Filter>
    </ClCompile>
    <ClCompile Include="shaders\VertexShader.cpp">
      <Filter>Source Files</Filter>
    </ClCompile>
    <ClCompile Include="objects\DrawableObject.cpp">
      <Filter>Source Files</Filter>
    </ClCompile>
    <ClCompile Include="objects\PlainModel.cpp">
      <Filter>Source Files</Filter>
    </ClCompile>
    <ClCompile Include="transformations\Rotation.cpp">
      <Filter>Source Files</Filter>
    </ClCompile>
    <ClCompile Include="transformations\Scale.cpp">
      <Filter>Source Files</Filter>
    </ClCompile>
    <ClCompile Include="transformations\Transformation.cpp">
      <Filter>Source Files</Filter>
    </ClCompile>
    <ClCompile Include="transformations\TransformationsBuilder.cpp">
      <Filter>Source Files</Filter>
    </ClCompile>
    <ClCompile Include="transformations\Translation.cpp">
      <Filter>Source Files</Filter>
    </ClCompile>
    <ClCompile Include="objects\TreeModel.cpp">
      <Filter>Source Files</Filter>
    </ClCompile>
    <ClCompile Include="objects\TriangleNormalModel.cpp">
      <Filter>Source Files</Filter>
    </ClCompile>
    <ClCompile Include="world\Scene.cpp">
      <Filter>Source Files</Filter>
    </ClCompile>
    <ClCompile Include="objects\BushesModel.cpp">
      <Filter>Source Files</Filter>
    </ClCompile>
    <ClCompile Include="transformations\TransformationComposite.cpp">
      <Filter>Source Files</Filter>
    </ClCompile>
    <ClCompile Include="transformations\TransformationBasic.cpp">
      <Filter>Source Files</Filter>
    </ClCompile>
    <ClCompile Include="world\Camera.cpp">
      <Filter>Source Files</Filter>
    </ClCompile>
    <ClCompile Include="abstraction\Observer.cpp">
      <Filter>Source Files</Filter>
    </ClCompile>
  </ItemGroup>
  <ItemGroup>
    <ClInclude Include="Application.h">
      <Filter>Header Files</Filter>
    </ClInclude>
    <ClInclude Include="shaders\FragmentShader.h">
      <Filter>Header Files</Filter>
    </ClInclude>
    <ClInclude Include="shaders\Shader.h">
      <Filter>Header Files</Filter>
    </ClInclude>
    <ClInclude Include="shaders\ShaderProgram.h">
      <Filter>Header Files</Filter>
    </ClInclude>
    <ClInclude Include="shaders\VertexShader.h">
      <Filter>Header Files</Filter>
    </ClInclude>
    <ClInclude Include="objects\models\bushes.h">
      <Filter>Models</Filter>
    </ClInclude>
    <ClInclude Include="objects\models\gift.h">
      <Filter>Models</Filter>
    </ClInclude>
    <ClInclude Include="objects\models\plain.h">
      <Filter>Models</Filter>
    </ClInclude>
    <ClInclude Include="objects\models\sphere.h">
      <Filter>Models</Filter>
    </ClInclude>
    <ClInclude Include="objects\models\suzi_flat.h">
      <Filter>Models</Filter>
    </ClInclude>
    <ClInclude Include="objects\models\suzi_smooth.h">
      <Filter>Models</Filter>
    </ClInclude>
    <ClInclude Include="objects\models\tree.h">
      <Filter>Models</Filter>
    </ClInclude>
    <ClInclude Include="objects\DrawableObject.h">
      <Filter>Header Files</Filter>
    </ClInclude>
    <ClInclude Include="objects\Model.h">
      <Filter>Header Files</Filter>
    </ClInclude>
    <ClInclude Include="objects\PlainModel.h">
      <Filter>Header Files</Filter>
    </ClInclude>
    <ClInclude Include="transformations\Rotation.h">
      <Filter>Header Files</Filter>
    </ClInclude>
    <ClInclude Include="transformations\Scale.h">
      <Filter>Header Files</Filter>
    </ClInclude>
    <ClInclude Include="transformations\Transformation.h">
      <Filter>Header Files</Filter>
    </ClInclude>
    <ClInclude Include="transformations\TransformationBasic.h">
      <Filter>Header Files</Filter>
    </ClInclude>
    <ClInclude Include="transformations\TransformationsBuilder.h">
      <Filter>Header Files</Filter>
    </ClInclude>
    <ClInclude Include="transformations\Translation.h">
      <Filter>Header Files</Filter>
    </ClInclude>
    <ClInclude Include="objects\TreeModel.h">
      <Filter>Header Files</Filter>
    </ClInclude>
    <ClInclude Include="objects\TriangleNormalModel.h">
      <Filter>Header Files</Filter>
    </ClInclude>
    <ClInclude Include="world\Scene.h">
      <Filter>Header Files</Filter>
    </ClInclude>
    <ClInclude Include="objects\BushesModel.h">
      <Filter>Header Files</Filter>
    </ClInclude>
    <ClInclude Include="transformations\TransformationComposite.h">
      <Filter>Header Files</Filter>
    </ClInclude>
    <ClInclude Include="world\Camera.h">
      <Filter>Header Files</Filter>
    </ClInclude>
    <ClInclude Include="abstraction\Observer.h">
      <Filter>Header Files</Filter>
    </ClInclude>
  </ItemGroup>
</Project>